{
  "originHash" : "f0ef4fa68885230388eb9a5279c7c2f028f952a724762b208e330e541d49be11",
  "pins" : [
    {
      "identity" : "wwcachemanager",
      "kind" : "remoteSourceControl",
      "location" : "https://github.com/William-Weng/WWCacheManager",
      "state" : {
        "revision" : "34d65216cf3b036a820b91f1070134227edb19a2",
        "version" : "1.0.1"
      }
    }
  ],
  "version" : 3
}
