{
  "originHash" : "f0ef4fa68885230388eb9a5279c7c2f028f952a724762b208e330e541d49be11",
  "pins" : [
    {
      "identity" : "wwcachemanager",
      "kind" : "remoteSourceControl",
      "location" : "https://github.com/William-Weng/WWCacheManager",
      "state" : {
        "revision" : "f1cb47f9ecf8bd4c323432a1145f4b5628bb7bab",
        "version" : "1.1.0"
      }
    }
  ],
  "version" : 3
}
